
Microsoft Visual Studio Solution File, Format Version 12.00
# Visual Studio Version 17
VisualStudioVersion = 17.9.34723.18
MinimumVisualStudioVersion = 10.0.40219.1
Project("{9A19103F-16F7-4668-BE54-9A1E7A4F7556}") = "Solid1Srp", "Solid1Srp\Solid1Srp.csproj", "{4BAEAFB1-37BA-420A-B3AC-3588A41D2182}"
EndProject
Project("{9A19103F-16F7-4668-BE54-9A1E7A4F7556}") = "Solid2Ocp", "Solid2Ocp\Solid2Ocp.csproj", "{1FD2E770-4705-4DFB-9885-A392F13EE4C8}"
EndProject
Project("{9A19103F-16F7-4668-BE54-9A1E7A4F7556}") = "Solid3Lsp", "Solid3Lsp\Solid3Lsp.csproj", "{BFE1EE0C-F06F-49D0-86D8-6BC3FB188A83}"
EndProject
Project("{9A19103F-16F7-4668-BE54-9A1E7A4F7556}") = "Solid4Isp", "Solid4Isp\Solid4Isp.csproj", "{EB5E5C56-236B-4E55-9CB9-5FEF4839DE7B}"
EndProject
Project("{9A19103F-16F7-4668-BE54-9A1E7A4F7556}") = "Solid5Dip", "Solid5Dip\Solid5Dip.csproj", "{00316C8D-9BE8-4871-BB93-3591B678B9F7}"
EndProject
Project("{9A19103F-16F7-4668-BE54-9A1E7A4F7556}") = "Solid1SrpApi", "Solid1SrpApi\Solid1SrpApi.csproj", "{A0B63C13-3A90-4594-9F94-FC40FEE623D4}"
EndProject
Global
	GlobalSection(SolutionConfigurationPlatforms) = preSolution
		Debug|Any CPU = Debug|Any CPU
		Release|Any CPU = Release|Any CPU
	EndGlobalSection
	GlobalSection(ProjectConfigurationPlatforms) = postSolution
		{4BAEAFB1-37BA-420A-B3AC-3588A41D2182}.Debug|Any CPU.ActiveCfg = Debug|Any CPU
		{4BAEAFB1-37BA-420A-B3AC-3588A41D2182}.Debug|Any CPU.Build.0 = Debug|Any CPU
		{4BAEAFB1-37BA-420A-B3AC-3588A41D2182}.Release|Any CPU.ActiveCfg = Release|Any CPU
		{4BAEAFB1-37BA-420A-B3AC-3588A41D2182}.Release|Any CPU.Build.0 = Release|Any CPU
		{1FD2E770-4705-4DFB-9885-A392F13EE4C8}.Debug|Any CPU.ActiveCfg = Debug|Any CPU
		{1FD2E770-4705-4DFB-9885-A392F13EE4C8}.Debug|Any CPU.Build.0 = Debug|Any CPU
		{1FD2E770-4705-4DFB-9885-A392F13EE4C8}.Release|Any CPU.ActiveCfg = Release|Any CPU
		{1FD2E770-4705-4DFB-9885-A392F13EE4C8}.Release|Any CPU.Build.0 = Release|Any CPU
		{BFE1EE0C-F06F-49D0-86D8-6BC3FB188A83}.Debug|Any CPU.ActiveCfg = Debug|Any CPU
		{BFE1EE0C-F06F-49D0-86D8-6BC3FB188A83}.Debug|Any CPU.Build.0 = Debug|Any CPU
		{BFE1EE0C-F06F-49D0-86D8-6BC3FB188A83}.Release|Any CPU.ActiveCfg = Release|Any CPU
		{BFE1EE0C-F06F-49D0-86D8-6BC3FB188A83}.Release|Any CPU.Build.0 = Release|Any CPU
		{EB5E5C56-236B-4E55-9CB9-5FEF4839DE7B}.Debug|Any CPU.ActiveCfg = Debug|Any CPU
		{EB5E5C56-236B-4E55-9CB9-5FEF4839DE7B}.Debug|Any CPU.Build.0 = Debug|Any CPU
		{EB5E5C56-236B-4E55-9CB9-5FEF4839DE7B}.Release|Any CPU.ActiveCfg = Release|Any CPU
		{EB5E5C56-236B-4E55-9CB9-5FEF4839DE7B}.Release|Any CPU.Build.0 = Release|Any CPU
		{00316C8D-9BE8-4871-BB93-3591B678B9F7}.Debug|Any CPU.ActiveCfg = Debug|Any CPU
		{00316C8D-9BE8-4871-BB93-3591B678B9F7}.Debug|Any CPU.Build.0 = Debug|Any CPU
		{00316C8D-9BE8-4871-BB93-3591B678B9F7}.Release|Any CPU.ActiveCfg = Release|Any CPU
		{00316C8D-9BE8-4871-BB93-3591B678B9F7}.Release|Any CPU.Build.0 = Release|Any CPU
		{A0B63C13-3A90-4594-9F94-FC40FEE623D4}.Debug|Any CPU.ActiveCfg = Debug|Any CPU
		{A0B63C13-3A90-4594-9F94-FC40FEE623D4}.Debug|Any CPU.Build.0 = Debug|Any CPU
		{A0B63C13-3A90-4594-9F94-FC40FEE623D4}.Release|Any CPU.ActiveCfg = Release|Any CPU
		{A0B63C13-3A90-4594-9F94-FC40FEE623D4}.Release|Any CPU.Build.0 = Release|Any CPU
	EndGlobalSection
	GlobalSection(SolutionProperties) = preSolution
		HideSolutionNode = FALSE
	EndGlobalSection
	GlobalSection(ExtensibilityGlobals) = postSolution
		SolutionGuid = {5018A7CC-EE80-47A5-ABB4-2AE0D693F01A}
	EndGlobalSection
EndGlobal
